
Microsoft Visual Studio Solution File, Format Version 12.00
# Visual Studio Version 17
VisualStudioVersion = 17.9.34728.123
MinimumVisualStudioVersion = 10.0.40219.1
Project("{FAE04EC0-301F-11D3-BF4B-00C04F79EFBC}") = "ExercicioResolvido01EstruturaVetor", "ExercicioResolvido01EstruturaVetor\ExercicioResolvido01EstruturaVetor.csproj", "{32CA3B0D-DE8E-4097-89DA-DABE6334B2AC}"
EndProject
Global
	GlobalSection(SolutionConfigurationPlatforms) = preSolution
		Debug|Any CPU = Debug|Any CPU
		Release|Any CPU = Release|Any CPU
	EndGlobalSection
	GlobalSection(ProjectConfigurationPlatforms) = postSolution
		{32CA3B0D-DE8E-4097-89DA-DABE6334B2AC}.Debug|Any CPU.ActiveCfg = Debug|Any CPU
		{32CA3B0D-DE8E-4097-89DA-DABE6334B2AC}.Debug|Any CPU.Build.0 = Debug|Any CPU
		{32CA3B0D-DE8E-4097-89DA-DABE6334B2AC}.Release|Any CPU.ActiveCfg = Release|Any CPU
		{32CA3B0D-DE8E-4097-89DA-DABE6334B2AC}.Release|Any CPU.Build.0 = Release|Any CPU
	EndGlobalSection
	GlobalSection(SolutionProperties) = preSolution
		HideSolutionNode = FALSE
	EndGlobalSection
	GlobalSection(ExtensibilityGlobals) = postSolution
		SolutionGuid = {2E013E4B-26BA-4C8A-A01B-5326000A52F4}
	EndGlobalSection
EndGlobal
