
Microsoft Visual Studio Solution File, Format Version 12.00
# Visual Studio Version 17
VisualStudioVersion = 17.9.34728.123
MinimumVisualStudioVersion = 10.0.40219.1
Project("{FAE04EC0-301F-11D3-BF4B-00C04F79EFBC}") = "ExercicioPropostoMatirzes04", "ExercicioPropostoMatirzes04\ExercicioPropostoMatirzes04.csproj", "{92DB49CE-50F3-4993-BA04-02E352113AA6}"
EndProject
Global
	GlobalSection(SolutionConfigurationPlatforms) = preSolution
		Debug|Any CPU = Debug|Any CPU
		Release|Any CPU = Release|Any CPU
	EndGlobalSection
	GlobalSection(ProjectConfigurationPlatforms) = postSolution
		{92DB49CE-50F3-4993-BA04-02E352113AA6}.Debug|Any CPU.ActiveCfg = Debug|Any CPU
		{92DB49CE-50F3-4993-BA04-02E352113AA6}.Debug|Any CPU.Build.0 = Debug|Any CPU
		{92DB49CE-50F3-4993-BA04-02E352113AA6}.Release|Any CPU.ActiveCfg = Release|Any CPU
		{92DB49CE-50F3-4993-BA04-02E352113AA6}.Release|Any CPU.Build.0 = Release|Any CPU
	EndGlobalSection
	GlobalSection(SolutionProperties) = preSolution
		HideSolutionNode = FALSE
	EndGlobalSection
	GlobalSection(ExtensibilityGlobals) = postSolution
		SolutionGuid = {23278BC9-C73B-451C-9C1B-86E7F451A457}
	EndGlobalSection
EndGlobal
